
Microsoft Visual Studio Solution File, Format Version 12.00
# Visual Studio Version 17
VisualStudioVersion = 17.11.35327.3
MinimumVisualStudioVersion = 10.0.40219.1
Project("{FAE04EC0-301F-11D3-BF4B-00C04F79EFBC}") = "MauiAppCadastroDeEventos", "MauiAppCadastroDeEventos\MauiAppCadastroDeEventos.csproj", "{8CE2B119-0D9F-46D9-849C-950FB5B66664}"
EndProject
Global
	GlobalSection(SolutionConfigurationPlatforms) = preSolution
		Debug|Any CPU = Debug|Any CPU
		Release|Any CPU = Release|Any CPU
	EndGlobalSection
	GlobalSection(ProjectConfigurationPlatforms) = postSolution
		{8CE2B119-0D9F-46D9-849C-950FB5B66664}.Debug|Any CPU.ActiveCfg = Debug|Any CPU
		{8CE2B119-0D9F-46D9-849C-950FB5B66664}.Debug|Any CPU.Build.0 = Debug|Any CPU
		{8CE2B119-0D9F-46D9-849C-950FB5B66664}.Debug|Any CPU.Deploy.0 = Debug|Any CPU
		{8CE2B119-0D9F-46D9-849C-950FB5B66664}.Release|Any CPU.ActiveCfg = Release|Any CPU
		{8CE2B119-0D9F-46D9-849C-950FB5B66664}.Release|Any CPU.Build.0 = Release|Any CPU
		{8CE2B119-0D9F-46D9-849C-950FB5B66664}.Release|Any CPU.Deploy.0 = Release|Any CPU
	EndGlobalSection
	GlobalSection(SolutionProperties) = preSolution
		HideSolutionNode = FALSE
	EndGlobalSection
	GlobalSection(ExtensibilityGlobals) = postSolution
		SolutionGuid = {02EDE96A-5290-4198-AE2D-C5CFFF6DBA4D}
	EndGlobalSection
EndGlobal
